
Microsoft Visual Studio Solution File, Format Version 12.00
# Visual Studio Version 17
VisualStudioVersion = 17.14.36518.9 d17.14
MinimumVisualStudioVersion = 10.0.40219.1
Project("{8BC9CEB8-8B4A-11D0-8D11-00A0C91BC942}") = "SolarDisplayManager", "SolarDisplayManager\SolarDisplayManager.vcxproj", "{363B1F8B-64F6-65F0-63A6-F160784CA054}"
EndProject
Global
	GlobalSection(SolutionConfigurationPlatforms) = preSolution
		Debug|x64 = Debug|x64
		Debug|x86 = Debug|x86
		Release|x64 = Release|x64
		Release|x86 = Release|x86
	EndGlobalSection
	GlobalSection(ProjectConfigurationPlatforms) = postSolution
		{363B1F8B-64F6-65F0-63A6-F160784CA054}.Debug|x64.ActiveCfg = Debug|x64
		{363B1F8B-64F6-65F0-63A6-F160784CA054}.Debug|x64.Build.0 = Debug|x64
		{363B1F8B-64F6-65F0-63A6-F160784CA054}.Debug|x86.ActiveCfg = Debug|Win32
		{363B1F8B-64F6-65F0-63A6-F160784CA054}.Debug|x86.Build.0 = Debug|Win32
		{363B1F8B-64F6-65F0-63A6-F160784CA054}.Release|x64.ActiveCfg = Release|x64
		{363B1F8B-64F6-65F0-63A6-F160784CA054}.Release|x64.Build.0 = Release|x64
		{363B1F8B-64F6-65F0-63A6-F160784CA054}.Release|x86.ActiveCfg = Release|Win32
		{363B1F8B-64F6-65F0-63A6-F160784CA054}.Release|x86.Build.0 = Release|Win32
	EndGlobalSection
	GlobalSection(SolutionProperties) = preSolution
		HideSolutionNode = FALSE
	EndGlobalSection
	GlobalSection(ExtensibilityGlobals) = postSolution
		SolutionGuid = {DF904032-BCB0-416B-B333-F062DE81DF9A}
	EndGlobalSection
EndGlobal
